
Microsoft Visual Studio Solution File, Format Version 12.00
# Visual Studio 14
VisualStudioVersion = 14.0.25123.0
MinimumVisualStudioVersion = 10.0.40219.1
Project("{FAE04EC0-301F-11D3-BF4B-00C04F79EFBC}") = "AudioCap.WinForm", "AudioCap.WinForm\AudioCap.WinForm.csproj", "{C2026B79-673C-4526-8C63-AA7799686F97}"
EndProject
Project("{FAE04EC0-301F-11D3-BF4B-00C04F79EFBC}") = "AudioCap.Lib", "AudioCap.Lib\AudioCap.Lib.csproj", "{6F7202D5-AEBD-46A3-B10C-C91F2E3B1047}"
EndProject
Global
	GlobalSection(SolutionConfigurationPlatforms) = preSolution
		Debug|Any CPU = Debug|Any CPU
		Release|Any CPU = Release|Any CPU
	EndGlobalSection
	GlobalSection(ProjectConfigurationPlatforms) = postSolution
		{C2026B79-673C-4526-8C63-AA7799686F97}.Debug|Any CPU.ActiveCfg = Debug|Any CPU
		{C2026B79-673C-4526-8C63-AA7799686F97}.Debug|Any CPU.Build.0 = Debug|Any CPU
		{C2026B79-673C-4526-8C63-AA7799686F97}.Release|Any CPU.ActiveCfg = Release|Any CPU
		{C2026B79-673C-4526-8C63-AA7799686F97}.Release|Any CPU.Build.0 = Release|Any CPU
		{6F7202D5-AEBD-46A3-B10C-C91F2E3B1047}.Debug|Any CPU.ActiveCfg = Debug|Any CPU
		{6F7202D5-AEBD-46A3-B10C-C91F2E3B1047}.Debug|Any CPU.Build.0 = Debug|Any CPU
		{6F7202D5-AEBD-46A3-B10C-C91F2E3B1047}.Release|Any CPU.ActiveCfg = Release|Any CPU
		{6F7202D5-AEBD-46A3-B10C-C91F2E3B1047}.Release|Any CPU.Build.0 = Release|Any CPU
	EndGlobalSection
	GlobalSection(SolutionProperties) = preSolution
		HideSolutionNode = FALSE
	EndGlobalSection
EndGlobal
